// !$*UTF8*$!
{
	archiveVersion = 1;
	classes = {
	};
	objectVersion = 48;
	objects = {

/* Begin PBXBuildFile section */
		8B7A78692046133700352788 /* AppDelegate.swift in Sources */ = {isa = PBXBuildFile; fileRef = 8B7A78682046133700352788 /* AppDelegate.swift */; };
		8B7A786B2046133700352788 /* ColorPresenterVC.swift in Sources */ = {isa = PBXBuildFile; fileRef = 8B7A786A2046133700352788 /* ColorPresenterVC.swift */; };
		8B7A786E2046133700352788 /* Main.storyboard in Resources */ = {isa = PBXBuildFile; fileRef = 8B7A786C2046133700352788 /* Main.storyboard */; };
		8B7A78702046133700352788 /* Assets.xcassets in Resources */ = {isa = PBXBuildFile; fileRef = 8B7A786F2046133700352788 /* Assets.xcassets */; };
		8B7A78732046133700352788 /* LaunchScreen.storyboard in Resources */ = {isa = PBXBuildFile; fileRef = 8B7A78712046133700352788 /* LaunchScreen.storyboard */; };
		8B7A787E2046133800352788 /* Color_MagicTests.swift in Sources */ = {isa = PBXBuildFile; fileRef = 8B7A787D2046133800352788 /* Color_MagicTests.swift */; };
		8B7A78892046133800352788 /* Color_MagicUITests.swift in Sources */ = {isa = PBXBuildFile; fileRef = 8B7A78882046133800352788 /* Color_MagicUITests.swift */; };
		8B7A78972046186D00352788 /* ColorPickerVC.swift in Sources */ = {isa = PBXBuildFile; fileRef = 8B7A78962046186D00352788 /* ColorPickerVC.swift */; };
		8B7A789920461C4500352788 /* ColorTransferDelegate.swift in Sources */ = {isa = PBXBuildFile; fileRef = 8B7A789820461C4500352788 /* ColorTransferDelegate.swift */; };
/* End PBXBuildFile section */

/* Begin PBXContainerItemProxy section */
		8B7A787A2046133800352788 /* PBXContainerItemProxy */ = {
			isa = PBXContainerItemProxy;
			containerPortal = 8B7A785D2046133700352788 /* Project object */;
			proxyType = 1;
			remoteGlobalIDString = 8B7A78642046133700352788;
			remoteInfo = "Color Magic";
		};
		8B7A78852046133800352788 /* PBXContainerItemProxy */ = {
			isa = PBXContainerItemProxy;
			containerPortal = 8B7A785D2046133700352788 /* Project object */;
			proxyType = 1;
			remoteGlobalIDString = 8B7A78642046133700352788;
			remoteInfo = "Color Magic";
		};
/* End PBXContainerItemProxy section */

/* Begin PBXFileReference section */
		8B7A78652046133700352788 /* Color Magic.app */ = {isa = PBXFileReference; explicitFileType = wrapper.application; includeInIndex = 0; path = "Color Magic.app"; sourceTree = BUILT_PRODUCTS_DIR; };
		8B7A78682046133700352788 /* AppDelegate.swift */ = {isa = PBXFileReference; lastKnownFileType = sourcecode.swift; path = AppDelegate.swift; sourceTree = "<group>"; };
		8B7A786A2046133700352788 /* ColorPresenterVC.swift */ = {isa = PBXFileReference; lastKnownFileType = sourcecode.swift; path = ColorPresenterVC.swift; sourceTree = "<group>"; };
		8B7A786D2046133700352788 /* Base */ = {isa = PBXFileReference; lastKnownFileType = file.storyboard; name = Base; path = Base.lproj/Main.storyboard; sourceTree = "<group>"; };
		8B7A786F2046133700352788 /* Assets.xcassets */ = {isa = PBXFileReference; lastKnownFileType = folder.assetcatalog; path = Assets.xcassets; sourceTree = "<group>"; };
		8B7A78722046133700352788 /* Base */ = {isa = PBXFileReference; lastKnownFileType = file.storyboard; name = Base; path = Base.lproj/LaunchScreen.storyboard; sourceTree = "<group>"; };
		8B7A78742046133700352788 /* Info.plist */ = {isa = PBXFileReference; lastKnownFileType = text.plist.xml; path = Info.plist; sourceTree = "<group>"; };
		8B7A78792046133800352788 /* Color MagicTests.xctest */ = {isa = PBXFileReference; explicitFileType = wrapper.cfbundle; includeInIndex = 0; path = "Color MagicTests.xctest"; sourceTree = BUILT_PRODUCTS_DIR; };
		8B7A787D2046133800352788 /* Color_MagicTests.swift */ = {isa = PBXFileReference; lastKnownFileType = sourcecode.swift; path = Color_MagicTests.swift; sourceTree = "<group>"; };
		8B7A787F2046133800352788 /* Info.plist */ = {isa = PBXFileReference; lastKnownFileType = text.plist.xml; path = Info.plist; sourceTree = "<group>"; };
		8B7A78842046133800352788 /* Color MagicUITests.xctest */ = {isa = PBXFileReference; explicitFileType = wrapper.cfbundle; includeInIndex = 0; path = "Color MagicUITests.xctest"; sourceTree = BUILT_PRODUCTS_DIR; };
		8B7A78882046133800352788 /* Color_MagicUITests.swift */ = {isa = PBXFileReference; lastKnownFileType = sourcecode.swift; path = Color_MagicUITests.swift; sourceTree = "<group>"; };
		8B7A788A2046133800352788 /* Info.plist */ = {isa = PBXFileReference; lastKnownFileType = text.plist.xml; path = Info.plist; sourceTree = "<group>"; };
		8B7A78962046186D00352788 /* ColorPickerVC.swift */ = {isa = PBXFileReference; lastKnownFileType = sourcecode.swift; path = ColorPickerVC.swift; sourceTree = "<group>"; };
		8B7A789820461C4500352788 /* ColorTransferDelegate.swift */ = {isa = PBXFileReference; lastKnownFileType = sourcecode.swift; path = ColorTransferDelegate.swift; sourceTree = "<group>"; };
/* End PBXFileReference section */

/* Begin PBXFrameworksBuildPhase section */
		8B7A78622046133700352788 /* Frameworks */ = {
			isa = PBXFrameworksBuildPhase;
			buildActionMask = 2147483647;
			files = (
			);
			runOnlyForDeploymentPostprocessing = 0;
		};
		8B7A78762046133800352788 /* Frameworks */ = {
			isa = PBXFrameworksBuildPhase;
			buildActionMask = 2147483647;
			files = (
			);
			runOnlyForDeploymentPostprocessing = 0;
		};
		8B7A78812046133800352788 /* Frameworks */ = {
			isa = PBXFrameworksBuildPhase;
			buildActionMask = 2147483647;
			files = (
			);
			runOnlyForDeploymentPostprocessing = 0;
		};
/* End PBXFrameworksBuildPhase section */

/* Begin PBXGroup section */
		8B7A785C2046133700352788 = {
			isa = PBXGroup;
			children = (
				8B7A78672046133700352788 /* Color Magic */,
				8B7A787C2046133800352788 /* Color MagicTests */,
				8B7A78872046133800352788 /* Color MagicUITests */,
				8B7A78662046133700352788 /* Products */,
			);
			sourceTree = "<group>";
		};
		8B7A78662046133700352788 /* Products */ = {
			isa = PBXGroup;
			children = (
				8B7A78652046133700352788 /* Color Magic.app */,
				8B7A78792046133800352788 /* Color MagicTests.xctest */,
				8B7A78842046133800352788 /* Color MagicUITests.xctest */,
			);
			name = Products;
			sourceTree = "<group>";
		};
		8B7A78672046133700352788 /* Color Magic */ = {
			isa = PBXGroup;
			children = (
				8B7A78682046133700352788 /* AppDelegate.swift */,
				8B7A786A2046133700352788 /* ColorPresenterVC.swift */,
				8B7A786C2046133700352788 /* Main.storyboard */,
				8B7A786F2046133700352788 /* Assets.xcassets */,
				8B7A78712046133700352788 /* LaunchScreen.storyboard */,
				8B7A78742046133700352788 /* Info.plist */,
				8B7A78962046186D00352788 /* ColorPickerVC.swift */,
				8B7A789820461C4500352788 /* ColorTransferDelegate.swift */,
			);
			path = "Color Magic";
			sourceTree = "<group>";
		};
		8B7A787C2046133800352788 /* Color MagicTests */ = {
			isa = PBXGroup;
			children = (
				8B7A787D2046133800352788 /* Color_MagicTests.swift */,
				8B7A787F2046133800352788 /* Info.plist */,
			);
			path = "Color MagicTests";
			sourceTree = "<group>";
		};
		8B7A78872046133800352788 /* Color MagicUITests */ = {
			isa = PBXGroup;
			children = (
				8B7A78882046133800352788 /* Color_MagicUITests.swift */,
				8B7A788A2046133800352788 /* Info.plist */,
			);
			path = "Color MagicUITests";
			sourceTree = "<group>";
		};
/* End PBXGroup section */

/* Begin PBXNativeTarget section */
		8B7A78642046133700352788 /* Color Magic */ = {
			isa = PBXNativeTarget;
			buildConfigurationList = 8B7A788D2046133800352788 /* Build configuration list for PBXNativeTarget "Color Magic" */;
			buildPhases = (
				8B7A78612046133700352788 /* Sources */,
				8B7A78622046133700352788 /* Frameworks */,
				8B7A78632046133700352788 /* Resources */,
			);
			buildRules = (
			);
			dependencies = (
			);
			name = "Color Magic";
			productName = "Color Magic";
			productReference = 8B7A78652046133700352788 /* Color Magic.app */;
			productType = "com.apple.product-type.application";
		};
		8B7A78782046133800352788 /* Color MagicTests */ = {
			isa = PBXNativeTarget;
			buildConfigurationList = 8B7A78902046133800352788 /* Build configuration list for PBXNativeTarget "Color MagicTests" */;
			buildPhases = (
				8B7A78752046133800352788 /* Sources */,
				8B7A78762046133800352788 /* Frameworks */,
				8B7A78772046133800352788 /* Resources */,
			);
			buildRules = (
			);
			dependencies = (
				8B7A787B2046133800352788 /* PBXTargetDependency */,
			);
			name = "Color MagicTests";
			productName = "Color MagicTests";
			productReference = 8B7A78792046133800352788 /* Color MagicTests.xctest */;
			productType = "com.apple.product-type.bundle.unit-test";
		};
		8B7A78832046133800352788 /* Color MagicUITests */ = {
			isa = PBXNativeTarget;
			buildConfigurationList = 8B7A78932046133800352788 /* Build configuration list for PBXNativeTarget "Color MagicUITests" */;
			buildPhases = (
				8B7A78802046133800352788 /* Sources */,
				8B7A78812046133800352788 /* Frameworks */,
				8B7A78822046133800352788 /* Resources */,
			);
			buildRules = (
			);
			dependencies = (
				8B7A78862046133800352788 /* PBXTargetDependency */,
			);
			name = "Color MagicUITests";
			productName = "Color MagicUITests";
			productReference = 8B7A78842046133800352788 /* Color MagicUITests.xctest */;
			productType = "com.apple.product-type.bundle.ui-testing";
		};
/* End PBXNativeTarget section */

/* Begin PBXProject section */
		8B7A785D2046133700352788 /* Project object */ = {
			isa = PBXProject;
			attributes = {
				LastSwiftUpdateCheck = 0920;
				LastUpgradeCheck = 0920;
				ORGANIZATIONNAME = Developer;
				TargetAttributes = {
					8B7A78642046133700352788 = {
						CreatedOnToolsVersion = 9.2;
						ProvisioningStyle = Automatic;
					};
					8B7A78782046133800352788 = {
						CreatedOnToolsVersion = 9.2;
						ProvisioningStyle = Automatic;
						TestTargetID = 8B7A78642046133700352788;
					};
					8B7A78832046133800352788 = {
						CreatedOnToolsVersion = 9.2;
						ProvisioningStyle = Automatic;
						TestTargetID = 8B7A78642046133700352788;
					};
				};
			};
			buildConfigurationList = 8B7A78602046133700352788 /* Build configuration list for PBXProject "Color Magic" */;
			compatibilityVersion = "Xcode 8.0";
			developmentRegion = en;
			hasScannedForEncodings = 0;
			knownRegions = (
				en,
				Base,
			);
			mainGroup = 8B7A785C2046133700352788;
			productRefGroup = 8B7A78662046133700352788 /* Products */;
			projectDirPath = "";
			projectRoot = "";
			targets = (
				8B7A78642046133700352788 /* Color Magic */,
				8B7A78782046133800352788 /* Color MagicTests */,
				8B7A78832046133800352788 /* Color MagicUITests */,
			);
		};
/* End PBXProject section */

/* Begin PBXResourcesBuildPhase section */
		8B7A78632046133700352788 /* Resources */ = {
			isa = PBXResourcesBuildPhase;
			buildActionMask = 2147483647;
			files = (
				8B7A78732046133700352788 /* LaunchScreen.storyboard in Resources */,
				8B7A78702046133700352788 /* Assets.xcassets in Resources */,
				8B7A786E2046133700352788 /* Main.storyboard in Resources */,
			);
			runOnlyForDeploymentPostprocessing = 0;
		};
		8B7A78772046133800352788 /* Resources */ = {
			isa = PBXResourcesBuildPhase;
			buildActionMask = 2147483647;
			files = (
			);
			runOnlyForDeploymentPostprocessing = 0;
		};
		8B7A78822046133800352788 /* Resources */ = {
			isa = PBXResourcesBuildPhase;
			buildActionMask = 2147483647;
			files = (
			);
			runOnlyForDeploymentPostprocessing = 0;
		};
/* End PBXResourcesBuildPhase section */

/* Begin PBXSourcesBuildPhase section */
		8B7A78612046133700352788 /* Sources */ = {
			isa = PBXSourcesBuildPhase;
			buildActionMask = 2147483647;
			files = (
				8B7A786B2046133700352788 /* ColorPresenterVC.swift in Sources */,
				8B7A789920461C4500352788 /* ColorTransferDelegate.swift in Sources */,
				8B7A78692046133700352788 /* AppDelegate.swift in Sources */,
				8B7A78972046186D00352788 /* ColorPickerVC.swift in Sources */,
			);
			runOnlyForDeploymentPostprocessing = 0;
		};
		8B7A78752046133800352788 /* Sources */ = {
			isa = PBXSourcesBuildPhase;
			buildActionMask = 2147483647;
			files = (
				8B7A787E2046133800352788 /* Color_MagicTests.swift in Sources */,
			);
			runOnlyForDeploymentPostprocessing = 0;
		};
		8B7A78802046133800352788 /* Sources */ = {
			isa = PBXSourcesBuildPhase;
			buildActionMask = 2147483647;
			files = (
				8B7A78892046133800352788 /* Color_MagicUITests.swift in Sources */,
			);
			runOnlyForDeploymentPostprocessing = 0;
		};
/* End PBXSourcesBuildPhase section */

/* Begin PBXTargetDependency section */
		8B7A787B2046133800352788 /* PBXTargetDependency */ = {
			isa = PBXTargetDependency;
			target = 8B7A78642046133700352788 /* Color Magic */;
			targetProxy = 8B7A787A2046133800352788 /* PBXContainerItemProxy */;
		};
		8B7A78862046133800352788 /* PBXTargetDependency */ = {
			isa = PBXTargetDependency;
			target = 8B7A78642046133700352788 /* Color Magic */;
			targetProxy = 8B7A78852046133800352788 /* PBXContainerItemProxy */;
		};
/* End PBXTargetDependency section */

/* Begin PBXVariantGroup section */
		8B7A786C2046133700352788 /* Main.storyboard */ = {
			isa = PBXVariantGroup;
			children = (
				8B7A786D2046133700352788 /* Base */,
			);
			name = Main.storyboard;
			sourceTree = "<group>";
		};
		8B7A78712046133700352788 /* LaunchScreen.storyboard */ = {
			isa = PBXVariantGroup;
			children = (
				8B7A78722046133700352788 /* Base */,
			);
			name = LaunchScreen.storyboard;
			sourceTree = "<group>";
		};
/* End PBXVariantGroup section */

/* Begin XCBuildConfiguration section */
		8B7A788B2046133800352788 /* Debug */ = {
			isa = XCBuildConfiguration;
			buildSettings = {
				ALWAYS_SEARCH_USER_PATHS = NO;
				CLANG_ANALYZER_NONNULL = YES;
				CLANG_ANALYZER_NUMBER_OBJECT_CONVERSION = YES_AGGRESSIVE;
				CLANG_CXX_LANGUAGE_STANDARD = "gnu++14";
				CLANG_CXX_LIBRARY = "libc++";
				CLANG_ENABLE_MODULES = YES;
				CLANG_ENABLE_OBJC_ARC = YES;
				CLANG_WARN_BLOCK_CAPTURE_AUTORELEASING = YES;
				CLANG_WARN_BOOL_CONVERSION = YES;
				CLANG_WARN_COMMA = YES;
				CLANG_WARN_CONSTANT_CONVERSION = YES;
				CLANG_WARN_DIRECT_OBJC_ISA_USAGE = YES_ERROR;
				CLANG_WARN_DOCUMENTATION_COMMENTS = YES;
				CLANG_WARN_EMPTY_BODY = YES;
				CLANG_WARN_ENUM_CONVERSION = YES;
				CLANG_WARN_INFINITE_RECURSION = YES;
				CLANG_WARN_INT_CONVERSION = YES;
				CLANG_WARN_NON_LITERAL_NULL_CONVERSION = YES;
				CLANG_WARN_OBJC_LITERAL_CONVERSION = YES;
				CLANG_WARN_OBJC_ROOT_CLASS = YES_ERROR;
				CLANG_WARN_RANGE_LOOP_ANALYSIS = YES;
				CLANG_WARN_STRICT_PROTOTYPES = YES;
				CLANG_WARN_SUSPICIOUS_MOVE = YES;
				CLANG_WARN_UNGUARDED_AVAILABILITY = YES_AGGRESSIVE;
				CLANG_WARN_UNREACHABLE_CODE = YES;
				CLANG_WARN__DUPLICATE_METHOD_MATCH = YES;
				CODE_SIGN_IDENTITY = "iPhone Developer";
				COPY_PHASE_STRIP = NO;
				DEBUG_INFORMATION_FORMAT = dwarf;
				ENABLE_STRICT_OBJC_MSGSEND = YES;
				ENABLE_TESTABILITY = YES;
				GCC_C_LANGUAGE_STANDARD = gnu11;
				GCC_DYNAMIC_NO_PIC = NO;
				GCC_NO_COMMON_BLOCKS = YES;
				GCC_OPTIMIZATION_LEVEL = 0;
				GCC_PREPROCESSOR_DEFINITIONS = (
					"DEBUG=1",
					"$(inherited)",
				);
				GCC_WARN_64_TO_32_BIT_CONVERSION = YES;
				GCC_WARN_ABOUT_RETURN_TYPE = YES_ERROR;
				GCC_WARN_UNDECLARED_SELECTOR = YES;
				GCC_WARN_UNINITIALIZED_AUTOS = YES_AGGRESSIVE;
				GCC_WARN_UNUSED_FUNCTION = YES;
				GCC_WARN_UNUSED_VARIABLE = YES;
				IPHONEOS_DEPLOYMENT_TARGET = 11.2;
				MTL_ENABLE_DEBUG_INFO = YES;
				ONLY_ACTIVE_ARCH = YES;
				SDKROOT = iphoneos;
				SWIFT_ACTIVE_COMPILATION_CONDITIONS = DEBUG;
				SWIFT_OPTIMIZATION_LEVEL = "-Onone";
			};
			name = Debug;
		};
		8B7A788C2046133800352788 /* Release */ = {
			isa = XCBuildConfiguration;
			buildSettings = {
				ALWAYS_SEARCH_USER_PATHS = NO;
				CLANG_ANALYZER_NONNULL = YES;
				CLANG_ANALYZER_NUMBER_OBJECT_CONVERSION = YES_AGGRESSIVE;
				CLANG_CXX_LANGUAGE_STANDARD = "gnu++14";
				CLANG_CXX_LIBRARY = "libc++";
				CLANG_ENABLE_MODULES = YES;
				CLANG_ENABLE_OBJC_ARC = YES;
				CLANG_WARN_BLOCK_CAPTURE_AUTORELEASING = YES;
				CLANG_WARN_BOOL_CONVERSION = YES;
				CLANG_WARN_COMMA = YES;
				CLANG_WARN_CONSTANT_CONVERSION = YES;
				CLANG_WARN_DIRECT_OBJC_ISA_USAGE = YES_ERROR;
				CLANG_WARN_DOCUMENTATION_COMMENTS = YES;
				CLANG_WARN_EMPTY_BODY = YES;
				CLANG_WARN_ENUM_CONVERSION = YES;
				CLANG_WARN_INFINITE_RECURSION = YES;
				CLANG_WARN_INT_CONVERSION = YES;
				CLANG_WARN_NON_LITERAL_NULL_CONVERSION = YES;
				CLANG_WARN_OBJC_LITERAL_CONVERSION = YES;
				CLANG_WARN_OBJC_ROOT_CLASS = YES_ERROR;
				CLANG_WARN_RANGE_LOOP_ANALYSIS = YES;
				CLANG_WARN_STRICT_PROTOTYPES = YES;
				CLANG_WARN_SUSPICIOUS_MOVE = YES;
				CLANG_WARN_UNGUARDED_AVAILABILITY = YES_AGGRESSIVE;
				CLANG_WARN_UNREACHABLE_CODE = YES;
				CLANG_WARN__DUPLICATE_METHOD_MATCH = YES;
				CODE_SIGN_IDENTITY = "iPhone Developer";
				COPY_PHASE_STRIP = NO;
				DEBUG_INFORMATION_FORMAT = "dwarf-with-dsym";
				ENABLE_NS_ASSERTIONS = NO;
				ENABLE_STRICT_OBJC_MSGSEND = YES;
				GCC_C_LANGUAGE_STANDARD = gnu11;
				GCC_NO_COMMON_BLOCKS = YES;
				GCC_WARN_64_TO_32_BIT_CONVERSION = YES;
				GCC_WARN_ABOUT_RETURN_TYPE = YES_ERROR;
				GCC_WARN_UNDECLARED_SELECTOR = YES;
				GCC_WARN_UNINITIALIZED_AUTOS = YES_AGGRESSIVE;
				GCC_WARN_UNUSED_FUNCTION = YES;
				GCC_WARN_UNUSED_VARIABLE = YES;
				IPHONEOS_DEPLOYMENT_TARGET = 11.2;
				MTL_ENABLE_DEBUG_INFO = NO;
				SDKROOT = iphoneos;
				SWIFT_OPTIMIZATION_LEVEL = "-Owholemodule";
				VALIDATE_PRODUCT = YES;
			};
			name = Release;
		};
		8B7A788E2046133800352788 /* Debug */ = {
			isa = XCBuildConfiguration;
			buildSettings = {
				ASSETCATALOG_COMPILER_APPICON_NAME = AppIcon;
				CODE_SIGN_STYLE = Automatic;
				INFOPLIST_FILE = "Color Magic/Info.plist";
				LD_RUNPATH_SEARCH_PATHS = "$(inherited) @executable_path/Frameworks";
				PRODUCT_BUNDLE_IDENTIFIER = "aaron.Color-Magic";
				PRODUCT_NAME = "$(TARGET_NAME)";
				SWIFT_VERSION = 4.0;
				TARGETED_DEVICE_FAMILY = "1,2";
			};
			name = Debug;
		};
		8B7A788F2046133800352788 /* Release */ = {
			isa = XCBuildConfiguration;
			buildSettings = {
				ASSETCATALOG_COMPILER_APPICON_NAME = AppIcon;
				CODE_SIGN_STYLE = Automatic;
				INFOPLIST_FILE = "Color Magic/Info.plist";
				LD_RUNPATH_SEARCH_PATHS = "$(inherited) @executable_path/Frameworks";
				PRODUCT_BUNDLE_IDENTIFIER = "aaron.Color-Magic";
				PRODUCT_NAME = "$(TARGET_NAME)";
				SWIFT_VERSION = 4.0;
				TARGETED_DEVICE_FAMILY = "1,2";
			};
			name = Release;
		};
		8B7A78912046133800352788 /* Debug */ = {
			isa = XCBuildConfiguration;
			buildSettings = {
				ALWAYS_EMBED_SWIFT_STANDARD_LIBRARIES = YES;
				BUNDLE_LOADER = "$(TEST_HOST)";
				CODE_SIGN_STYLE = Automatic;
				INFOPLIST_FILE = "Color MagicTests/Info.plist";
				LD_RUNPATH_SEARCH_PATHS = "$(inherited) @executable_path/Frameworks @loader_path/Frameworks";
				PRODUCT_BUNDLE_IDENTIFIER = "aaron.Color-MagicTests";
				PRODUCT_NAME = "$(TARGET_NAME)";
				SWIFT_VERSION = 4.0;
				TARGETED_DEVICE_FAMILY = "1,2";
				TEST_HOST = "$(BUILT_PRODUCTS_DIR)/Color Magic.app/Color Magic";
			};
			name = Debug;
		};
		8B7A78922046133800352788 /* Release */ = {
			isa = XCBuildConfiguration;
			buildSettings = {
				ALWAYS_EMBED_SWIFT_STANDARD_LIBRARIES = YES;
				BUNDLE_LOADER = "$(TEST_HOST)";
				CODE_SIGN_STYLE = Automatic;
				INFOPLIST_FILE = "Color MagicTests/Info.plist";
				LD_RUNPATH_SEARCH_PATHS = "$(inherited) @executable_path/Frameworks @loader_path/Frameworks";
				PRODUCT_BUNDLE_IDENTIFIER = "aaron.Color-MagicTests";
				PRODUCT_NAME = "$(TARGET_NAME)";
				SWIFT_VERSION = 4.0;
				TARGETED_DEVICE_FAMILY = "1,2";
				TEST_HOST = "$(BUILT_PRODUCTS_DIR)/Color Magic.app/Color Magic";
			};
			name = Release;
		};
		8B7A78942046133800352788 /* Debug */ = {
			isa = XCBuildConfiguration;
			buildSettings = {
				ALWAYS_EMBED_SWIFT_STANDARD_LIBRARIES = YES;
				CODE_SIGN_STYLE = Automatic;
				INFOPLIST_FILE = "Color MagicUITests/Info.plist";
				LD_RUNPATH_SEARCH_PATHS = "$(inherited) @executable_path/Frameworks @loader_path/Frameworks";
				PRODUCT_BUNDLE_IDENTIFIER = "aaron.Color-MagicUITests";
				PRODUCT_NAME = "$(TARGET_NAME)";
				SWIFT_VERSION = 4.0;
				TARGETED_DEVICE_FAMILY = "1,2";
				TEST_TARGET_NAME = "Color Magic";
			};
			name = Debug;
		};
		8B7A78952046133800352788 /* Release */ = {
			isa = XCBuildConfiguration;
			buildSettings = {
				ALWAYS_EMBED_SWIFT_STANDARD_LIBRARIES = YES;
				CODE_SIGN_STYLE = Automatic;
				INFOPLIST_FILE = "Color MagicUITests/Info.plist";
				LD_RUNPATH_SEARCH_PATHS = "$(inherited) @executable_path/Frameworks @loader_path/Frameworks";
				PRODUCT_BUNDLE_IDENTIFIER = "aaron.Color-MagicUITests";
				PRODUCT_NAME = "$(TARGET_NAME)";
				SWIFT_VERSION = 4.0;
				TARGETED_DEVICE_FAMILY = "1,2";
				TEST_TARGET_NAME = "Color Magic";
			};
			name = Release;
		};
/* End XCBuildConfiguration section */

/* Begin XCConfigurationList section */
		8B7A78602046133700352788 /* Build configuration list for PBXProject "Color Magic" */ = {
			isa = XCConfigurationList;
			buildConfigurations = (
				8B7A788B2046133800352788 /* Debug */,
				8B7A788C2046133800352788 /* Release */,
			);
			defaultConfigurationIsVisible = 0;
			defaultConfigurationName = Release;
		};
		8B7A788D2046133800352788 /* Build configuration list for PBXNativeTarget "Color Magic" */ = {
			isa = XCConfigurationList;
			buildConfigurations = (
				8B7A788E2046133800352788 /* Debug */,
				8B7A788F2046133800352788 /* Release */,
			);
			defaultConfigurationIsVisible = 0;
			defaultConfigurationName = Release;
		};
		8B7A78902046133800352788 /* Build configuration list for PBXNativeTarget "Color MagicTests" */ = {
			isa = XCConfigurationList;
			buildConfigurations = (
				8B7A78912046133800352788 /* Debug */,
				8B7A78922046133800352788 /* Release */,
			);
			defaultConfigurationIsVisible = 0;
			defaultConfigurationName = Release;
		};
		8B7A78932046133800352788 /* Build configuration list for PBXNativeTarget "Color MagicUITests" */ = {
			isa = XCConfigurationList;
			buildConfigurations = (
				8B7A78942046133800352788 /* Debug */,
				8B7A78952046133800352788 /* Release */,
			);
			defaultConfigurationIsVisible = 0;
			defaultConfigurationName = Release;
		};
/* End XCConfigurationList section */
	};
	rootObject = 8B7A785D2046133700352788 /* Project object */;
}
